{
  "name": "@mac-mw-cli-dev/publish",
  "version": "1.0.0",
  "lockfileVersion": 2,
  "requires": true,
  "packages": {
    "": {
      "name": "@mac-mw-cli-dev/publish",
      "version": "1.0.0",
      "license": "ISC",
      "dependencies": {
        "@mac-mw-cli-dev/command": "file:../../models/command",
        "@mac-mw-cli-dev/log": "file:../../utils/log",
        "fs-extra": "^11.3.0"
      }
    },
    "../../models/command": {
      "name": "@mac-mw-cli-dev/command",
      "version": "1.0.0",
      "license": "ISC",
      "dependencies": {
        "@mac-mw-cli-dev/log": "file:../../utils/log",
        "colors": "^1.4.0",
        "semver": "^7.6.2"
      }
    },
    "../../utils/log": {
      "name": "@mw-cli-dev/log",
      "version": "1.0.0",
      "license": "ISC",
      "dependencies": {
        "npmlog": "^7.0.1"
      }
    },
    "node_modules/@mac-mw-cli-dev/command": {
      "resolved": "../../models/command",
      "link": true
    },
    "node_modules/@mac-mw-cli-dev/log": {
      "resolved": "../../utils/log",
      "link": true
    },
    "node_modules/fs-extra": {
      "version": "11.3.0",
      "resolved": "https://registry.npmmirror.com/fs-extra/-/fs-extra-11.3.0.tgz",
      "integrity": "sha512-Z4XaCL6dUDHfP/jT25jJKMmtxvuwbkrD1vNSMFlo9lNLY2c5FHYSQgHPRZUjAB26TpDEoW9HCOgplrdbaPV/ew==",
      "dependencies": {
        "graceful-fs": "^4.2.0",
        "jsonfile": "^6.0.1",
        "universalify": "^2.0.0"
      },
      "engines": {
        "node": ">=14.14"
      }
    },
    "node_modules/graceful-fs": {
      "version": "4.2.11",
      "resolved": "https://registry.npmmirror.com/graceful-fs/-/graceful-fs-4.2.11.tgz",
      "integrity": "sha512-RbJ5/jmFcNNCcDV5o9eTnBLJ/HszWV0P73bc+Ff4nS/rJj+YaS6IGyiOL0VoBYX+l1Wrl3k63h/KrH+nhJ0XvQ=="
    },
    "node_modules/jsonfile": {
      "version": "6.1.0",
      "resolved": "https://registry.npmmirror.com/jsonfile/-/jsonfile-6.1.0.tgz",
      "integrity": "sha512-5dgndWOriYSm5cnYaJNhalLNDKOqFwyDB/rr1E9ZsGciGvKPs8R2xYGCacuf3z6K1YKDz182fd+fY3cn3pMqXQ==",
      "dependencies": {
        "universalify": "^2.0.0"
      },
      "optionalDependencies": {
        "graceful-fs": "^4.1.6"
      }
    },
    "node_modules/universalify": {
      "version": "2.0.1",
      "resolved": "https://registry.npmmirror.com/universalify/-/universalify-2.0.1.tgz",
      "integrity": "sha512-gptHNQghINnc/vTGIk0SOFGFNXw7JVrlRUtConJRlvaw6DuX0wO5Jeko9sWrMBhh+PsYAZ7oXAiOnf/UKogyiw==",
      "engines": {
        "node": ">= 10.0.0"
      }
    }
  },
  "dependencies": {
    "@mac-mw-cli-dev/command": {
      "version": "file:../../models/command",
      "requires": {
        "@mac-mw-cli-dev/log": "file:../../utils/log",
        "colors": "^1.4.0",
        "semver": "^7.6.2"
      }
    },
    "@mac-mw-cli-dev/log": {
      "version": "file:../../utils/log",
      "requires": {
        "npmlog": "^7.0.1"
      }
    },
    "fs-extra": {
      "version": "11.3.0",
      "resolved": "https://registry.npmmirror.com/fs-extra/-/fs-extra-11.3.0.tgz",
      "integrity": "sha512-Z4XaCL6dUDHfP/jT25jJKMmtxvuwbkrD1vNSMFlo9lNLY2c5FHYSQgHPRZUjAB26TpDEoW9HCOgplrdbaPV/ew==",
      "requires": {
        "graceful-fs": "^4.2.0",
        "jsonfile": "^6.0.1",
        "universalify": "^2.0.0"
      }
    },
    "graceful-fs": {
      "version": "4.2.11",
      "resolved": "https://registry.npmmirror.com/graceful-fs/-/graceful-fs-4.2.11.tgz",
      "integrity": "sha512-RbJ5/jmFcNNCcDV5o9eTnBLJ/HszWV0P73bc+Ff4nS/rJj+YaS6IGyiOL0VoBYX+l1Wrl3k63h/KrH+nhJ0XvQ=="
    },
    "jsonfile": {
      "version": "6.1.0",
      "resolved": "https://registry.npmmirror.com/jsonfile/-/jsonfile-6.1.0.tgz",
      "integrity": "sha512-5dgndWOriYSm5cnYaJNhalLNDKOqFwyDB/rr1E9ZsGciGvKPs8R2xYGCacuf3z6K1YKDz182fd+fY3cn3pMqXQ==",
      "requires": {
        "graceful-fs": "^4.1.6",
        "universalify": "^2.0.0"
      }
    },
    "universalify": {
      "version": "2.0.1",
      "resolved": "https://registry.npmmirror.com/universalify/-/universalify-2.0.1.tgz",
      "integrity": "sha512-gptHNQghINnc/vTGIk0SOFGFNXw7JVrlRUtConJRlvaw6DuX0wO5Jeko9sWrMBhh+PsYAZ7oXAiOnf/UKogyiw=="
    }
  }
}
