{
  "name": "@mac-mw-cli-dev/exec",
  "version": "1.0.0",
  "lockfileVersion": 2,
  "requires": true,
  "packages": {
    "": {
      "name": "@mac-mw-cli-dev/exec",
      "version": "1.0.0",
      "license": "ISC",
      "dependencies": {
        "@mac-mw-cli-dev/log": "file:../../utils/log",
        "@mac-mw-cli-dev/package": "file:../../models/package"
      }
    },
    "../../models/package": {
      "name": "@mac-mw-cli-dev/package",
      "version": "1.0.0",
      "license": "ISC"
    },
    "../../utils/log": {
      "name": "@mw-cli-dev/log",
      "version": "1.0.0",
      "license": "ISC",
      "dependencies": {
        "npmlog": "^7.0.1"
      }
    },
    "node_modules/@mac-mw-cli-dev/log": {
      "resolved": "../../utils/log",
      "link": true
    },
    "node_modules/@mac-mw-cli-dev/package": {
      "resolved": "../../models/package",
      "link": true
    }
  },
  "dependencies": {
    "@mac-mw-cli-dev/log": {
      "version": "file:../../utils/log",
      "requires": {
        "npmlog": "^7.0.1"
      }
    },
    "@mac-mw-cli-dev/package": {
      "version": "file:../../models/package"
    }
  }
}
